
Microsoft Visual Studio Solution File, Format Version 12.00
# Visual Studio Version 17
VisualStudioVersion = 17.4.33122.133
MinimumVisualStudioVersion = 10.0.40219.1
Project("{9A19103F-16F7-4668-BE54-9A1E7A4F7556}") = "Bingo", "Bingo\Bingo.csproj", "{55433C66-12CA-43CC-BC18-CD9FFFA54D26}"
EndProject
Global
	GlobalSection(SolutionConfigurationPlatforms) = preSolution
		Debug|Any CPU = Debug|Any CPU
		Release|Any CPU = Release|Any CPU
	EndGlobalSection
	GlobalSection(ProjectConfigurationPlatforms) = postSolution
		{55433C66-12CA-43CC-BC18-CD9FFFA54D26}.Debug|Any CPU.ActiveCfg = Debug|Any CPU
		{55433C66-12CA-43CC-BC18-CD9FFFA54D26}.Debug|Any CPU.Build.0 = Debug|Any CPU
		{55433C66-12CA-43CC-BC18-CD9FFFA54D26}.Release|Any CPU.ActiveCfg = Release|Any CPU
		{55433C66-12CA-43CC-BC18-CD9FFFA54D26}.Release|Any CPU.Build.0 = Release|Any CPU
	EndGlobalSection
	GlobalSection(SolutionProperties) = preSolution
		HideSolutionNode = FALSE
	EndGlobalSection
	GlobalSection(ExtensibilityGlobals) = postSolution
		SolutionGuid = {21D95986-B987-43C0-8448-FDE9603ACB7B}
	EndGlobalSection
EndGlobal
